
Microsoft Visual Studio Solution File, Format Version 12.00
# Visual Studio Version 16
VisualStudioVersion = 16.0.31025.194
MinimumVisualStudioVersion = 10.0.40219.1
Project("{FAE04EC0-301F-11D3-BF4B-00C04F79EFBC}") = "InvoiceManagerAPI", "InvoiceManagerAPI\InvoiceManagerAPI.csproj", "{1B036870-5F77-441F-869A-0AAD4FAEF291}"
EndProject
Project("{FAE04EC0-301F-11D3-BF4B-00C04F79EFBC}") = "CheckingDataAccess", "CheckingDataAccess\CheckingDataAccess.csproj", "{3E873FCD-E1CF-4853-A528-B6F012F41918}"
EndProject
Global
	GlobalSection(SolutionConfigurationPlatforms) = preSolution
		Debug|Any CPU = Debug|Any CPU
		Release|Any CPU = Release|Any CPU
	EndGlobalSection
	GlobalSection(ProjectConfigurationPlatforms) = postSolution
		{1B036870-5F77-441F-869A-0AAD4FAEF291}.Debug|Any CPU.ActiveCfg = Debug|Any CPU
		{1B036870-5F77-441F-869A-0AAD4FAEF291}.Debug|Any CPU.Build.0 = Debug|Any CPU
		{1B036870-5F77-441F-869A-0AAD4FAEF291}.Release|Any CPU.ActiveCfg = Release|Any CPU
		{1B036870-5F77-441F-869A-0AAD4FAEF291}.Release|Any CPU.Build.0 = Release|Any CPU
		{3E873FCD-E1CF-4853-A528-B6F012F41918}.Debug|Any CPU.ActiveCfg = Debug|Any CPU
		{3E873FCD-E1CF-4853-A528-B6F012F41918}.Debug|Any CPU.Build.0 = Debug|Any CPU
		{3E873FCD-E1CF-4853-A528-B6F012F41918}.Release|Any CPU.ActiveCfg = Release|Any CPU
		{3E873FCD-E1CF-4853-A528-B6F012F41918}.Release|Any CPU.Build.0 = Release|Any CPU
	EndGlobalSection
	GlobalSection(SolutionProperties) = preSolution
		HideSolutionNode = FALSE
	EndGlobalSection
	GlobalSection(ExtensibilityGlobals) = postSolution
		EnterpriseLibraryConfigurationToolBinariesPathV6 = packages\EnterpriseLibrary.Common.6.0.1304.0\lib\NET45
		SolutionGuid = {4B048D45-E9E7-417D-9FB9-F691F8198300}
	EndGlobalSection
EndGlobal
