
Microsoft Visual Studio Solution File, Format Version 12.00
# Visual Studio Version 16
VisualStudioVersion = 16.0.31313.79
MinimumVisualStudioVersion = 10.0.40219.1
Project("{FAE04EC0-301F-11D3-BF4B-00C04F79EFBC}") = "CheckingApi", "CheckingApi\CheckingApi.csproj", "{D9CFDD48-2788-406B-9084-D6D4D7BE988A}"
EndProject
Global
	GlobalSection(SolutionConfigurationPlatforms) = preSolution
		Debug|Any CPU = Debug|Any CPU
		Release|Any CPU = Release|Any CPU
	EndGlobalSection
	GlobalSection(ProjectConfigurationPlatforms) = postSolution
		{D9CFDD48-2788-406B-9084-D6D4D7BE988A}.Debug|Any CPU.ActiveCfg = Debug|Any CPU
		{D9CFDD48-2788-406B-9084-D6D4D7BE988A}.Debug|Any CPU.Build.0 = Debug|Any CPU
		{D9CFDD48-2788-406B-9084-D6D4D7BE988A}.Release|Any CPU.ActiveCfg = Release|Any CPU
		{D9CFDD48-2788-406B-9084-D6D4D7BE988A}.Release|Any CPU.Build.0 = Release|Any CPU
	EndGlobalSection
	GlobalSection(SolutionProperties) = preSolution
		HideSolutionNode = FALSE
	EndGlobalSection
	GlobalSection(ExtensibilityGlobals) = postSolution
		SolutionGuid = {1D963E44-0D7D-490B-B303-B16AB493EDBA}
	EndGlobalSection
EndGlobal
