
Microsoft Visual Studio Solution File, Format Version 12.00
# Visual Studio Version 16
VisualStudioVersion = 16.0.31410.357
MinimumVisualStudioVersion = 10.0.40219.1
Project("{FAE04EC0-301F-11D3-BF4B-00C04F79EFBC}") = "SinglaApp.Android", "SinglaApp\SinglaApp.Android\SinglaApp.Android.csproj", "{8C646C33-4857-4447-B8F9-86F11B424B61}"
EndProject
Project("{FAE04EC0-301F-11D3-BF4B-00C04F79EFBC}") = "SinglaApp.iOS", "SinglaApp\SinglaApp.iOS\SinglaApp.iOS.csproj", "{9691D298-90AB-41BA-BE09-75A4E6A85587}"
EndProject
Project("{FAE04EC0-301F-11D3-BF4B-00C04F79EFBC}") = "SinglaApp", "SinglaApp\SinglaApp\SinglaApp.csproj", "{62D0A6ED-BF25-4C25-ADFC-9F30014378E9}"
EndProject
Global
	GlobalSection(SolutionConfigurationPlatforms) = preSolution
		Debug|Any CPU = Debug|Any CPU
		Debug|iPhone = Debug|iPhone
		Debug|iPhoneSimulator = Debug|iPhoneSimulator
		Release|Any CPU = Release|Any CPU
		Release|iPhone = Release|iPhone
		Release|iPhoneSimulator = Release|iPhoneSimulator
	EndGlobalSection
	GlobalSection(ProjectConfigurationPlatforms) = postSolution
		{8C646C33-4857-4447-B8F9-86F11B424B61}.Debug|Any CPU.ActiveCfg = Debug|Any CPU
		{8C646C33-4857-4447-B8F9-86F11B424B61}.Debug|Any CPU.Build.0 = Debug|Any CPU
		{8C646C33-4857-4447-B8F9-86F11B424B61}.Debug|Any CPU.Deploy.0 = Debug|Any CPU
		{8C646C33-4857-4447-B8F9-86F11B424B61}.Debug|iPhone.ActiveCfg = Debug|Any CPU
		{8C646C33-4857-4447-B8F9-86F11B424B61}.Debug|iPhone.Build.0 = Debug|Any CPU
		{8C646C33-4857-4447-B8F9-86F11B424B61}.Debug|iPhone.Deploy.0 = Debug|Any CPU
		{8C646C33-4857-4447-B8F9-86F11B424B61}.Debug|iPhoneSimulator.ActiveCfg = Debug|Any CPU
		{8C646C33-4857-4447-B8F9-86F11B424B61}.Debug|iPhoneSimulator.Build.0 = Debug|Any CPU
		{8C646C33-4857-4447-B8F9-86F11B424B61}.Debug|iPhoneSimulator.Deploy.0 = Debug|Any CPU
		{8C646C33-4857-4447-B8F9-86F11B424B61}.Release|Any CPU.ActiveCfg = Release|Any CPU
		{8C646C33-4857-4447-B8F9-86F11B424B61}.Release|Any CPU.Build.0 = Release|Any CPU
		{8C646C33-4857-4447-B8F9-86F11B424B61}.Release|Any CPU.Deploy.0 = Release|Any CPU
		{8C646C33-4857-4447-B8F9-86F11B424B61}.Release|iPhone.ActiveCfg = Release|Any CPU
		{8C646C33-4857-4447-B8F9-86F11B424B61}.Release|iPhone.Build.0 = Release|Any CPU
		{8C646C33-4857-4447-B8F9-86F11B424B61}.Release|iPhone.Deploy.0 = Release|Any CPU
		{8C646C33-4857-4447-B8F9-86F11B424B61}.Release|iPhoneSimulator.ActiveCfg = Release|Any CPU
		{8C646C33-4857-4447-B8F9-86F11B424B61}.Release|iPhoneSimulator.Build.0 = Release|Any CPU
		{8C646C33-4857-4447-B8F9-86F11B424B61}.Release|iPhoneSimulator.Deploy.0 = Release|Any CPU
		{9691D298-90AB-41BA-BE09-75A4E6A85587}.Debug|Any CPU.ActiveCfg = Debug|iPhone
		{9691D298-90AB-41BA-BE09-75A4E6A85587}.Debug|Any CPU.Build.0 = Debug|iPhone
		{9691D298-90AB-41BA-BE09-75A4E6A85587}.Debug|Any CPU.Deploy.0 = Debug|iPhone
		{9691D298-90AB-41BA-BE09-75A4E6A85587}.Debug|iPhone.ActiveCfg = Debug|iPhone
		{9691D298-90AB-41BA-BE09-75A4E6A85587}.Debug|iPhone.Build.0 = Debug|iPhone
		{9691D298-90AB-41BA-BE09-75A4E6A85587}.Debug|iPhone.Deploy.0 = Debug|iPhone
		{9691D298-90AB-41BA-BE09-75A4E6A85587}.Debug|iPhoneSimulator.ActiveCfg = Debug|iPhoneSimulator
		{9691D298-90AB-41BA-BE09-75A4E6A85587}.Debug|iPhoneSimulator.Build.0 = Debug|iPhoneSimulator
		{9691D298-90AB-41BA-BE09-75A4E6A85587}.Debug|iPhoneSimulator.Deploy.0 = Debug|iPhoneSimulator
		{9691D298-90AB-41BA-BE09-75A4E6A85587}.Release|Any CPU.ActiveCfg = Release|iPhoneSimulator
		{9691D298-90AB-41BA-BE09-75A4E6A85587}.Release|Any CPU.Build.0 = Release|iPhoneSimulator
		{9691D298-90AB-41BA-BE09-75A4E6A85587}.Release|Any CPU.Deploy.0 = Release|iPhoneSimulator
		{9691D298-90AB-41BA-BE09-75A4E6A85587}.Release|iPhone.ActiveCfg = Release|iPhone
		{9691D298-90AB-41BA-BE09-75A4E6A85587}.Release|iPhone.Build.0 = Release|iPhone
		{9691D298-90AB-41BA-BE09-75A4E6A85587}.Release|iPhone.Deploy.0 = Release|iPhone
		{9691D298-90AB-41BA-BE09-75A4E6A85587}.Release|iPhoneSimulator.ActiveCfg = Release|iPhoneSimulator
		{9691D298-90AB-41BA-BE09-75A4E6A85587}.Release|iPhoneSimulator.Build.0 = Release|iPhoneSimulator
		{9691D298-90AB-41BA-BE09-75A4E6A85587}.Release|iPhoneSimulator.Deploy.0 = Release|iPhoneSimulator
		{62D0A6ED-BF25-4C25-ADFC-9F30014378E9}.Debug|Any CPU.ActiveCfg = Debug|Any CPU
		{62D0A6ED-BF25-4C25-ADFC-9F30014378E9}.Debug|Any CPU.Build.0 = Debug|Any CPU
		{62D0A6ED-BF25-4C25-ADFC-9F30014378E9}.Debug|Any CPU.Deploy.0 = Debug|Any CPU
		{62D0A6ED-BF25-4C25-ADFC-9F30014378E9}.Debug|iPhone.ActiveCfg = Debug|Any CPU
		{62D0A6ED-BF25-4C25-ADFC-9F30014378E9}.Debug|iPhone.Build.0 = Debug|Any CPU
		{62D0A6ED-BF25-4C25-ADFC-9F30014378E9}.Debug|iPhone.Deploy.0 = Debug|Any CPU
		{62D0A6ED-BF25-4C25-ADFC-9F30014378E9}.Debug|iPhoneSimulator.ActiveCfg = Debug|Any CPU
		{62D0A6ED-BF25-4C25-ADFC-9F30014378E9}.Debug|iPhoneSimulator.Build.0 = Debug|Any CPU
		{62D0A6ED-BF25-4C25-ADFC-9F30014378E9}.Debug|iPhoneSimulator.Deploy.0 = Debug|Any CPU
		{62D0A6ED-BF25-4C25-ADFC-9F30014378E9}.Release|Any CPU.ActiveCfg = Release|Any CPU
		{62D0A6ED-BF25-4C25-ADFC-9F30014378E9}.Release|Any CPU.Build.0 = Release|Any CPU
		{62D0A6ED-BF25-4C25-ADFC-9F30014378E9}.Release|Any CPU.Deploy.0 = Release|Any CPU
		{62D0A6ED-BF25-4C25-ADFC-9F30014378E9}.Release|iPhone.ActiveCfg = Release|Any CPU
		{62D0A6ED-BF25-4C25-ADFC-9F30014378E9}.Release|iPhone.Build.0 = Release|Any CPU
		{62D0A6ED-BF25-4C25-ADFC-9F30014378E9}.Release|iPhone.Deploy.0 = Release|Any CPU
		{62D0A6ED-BF25-4C25-ADFC-9F30014378E9}.Release|iPhoneSimulator.ActiveCfg = Release|Any CPU
		{62D0A6ED-BF25-4C25-ADFC-9F30014378E9}.Release|iPhoneSimulator.Build.0 = Release|Any CPU
		{62D0A6ED-BF25-4C25-ADFC-9F30014378E9}.Release|iPhoneSimulator.Deploy.0 = Release|Any CPU
	EndGlobalSection
	GlobalSection(SolutionProperties) = preSolution
		HideSolutionNode = FALSE
	EndGlobalSection
	GlobalSection(ExtensibilityGlobals) = postSolution
		SolutionGuid = {DE1BBD7A-6432-4808-A88E-9FDF4B112A10}
	EndGlobalSection
EndGlobal
