
Microsoft Visual Studio Solution File, Format Version 12.00
# Visual Studio Version 16
VisualStudioVersion = 16.0.31005.135
MinimumVisualStudioVersion = 10.0.40219.1
Project("{FAE04EC0-301F-11D3-BF4B-00C04F79EFBC}") = "SinglaApi", "SinglaApi\SinglaApi.csproj", "{8427885F-A8C5-4019-B07A-EF4E51134CFA}"
EndProject
Global
	GlobalSection(SolutionConfigurationPlatforms) = preSolution
		Debug|Any CPU = Debug|Any CPU
		Release|Any CPU = Release|Any CPU
	EndGlobalSection
	GlobalSection(ProjectConfigurationPlatforms) = postSolution
		{8427885F-A8C5-4019-B07A-EF4E51134CFA}.Debug|Any CPU.ActiveCfg = Debug|Any CPU
		{8427885F-A8C5-4019-B07A-EF4E51134CFA}.Debug|Any CPU.Build.0 = Debug|Any CPU
		{8427885F-A8C5-4019-B07A-EF4E51134CFA}.Release|Any CPU.ActiveCfg = Release|Any CPU
		{8427885F-A8C5-4019-B07A-EF4E51134CFA}.Release|Any CPU.Build.0 = Release|Any CPU
	EndGlobalSection
	GlobalSection(SolutionProperties) = preSolution
		HideSolutionNode = FALSE
	EndGlobalSection
	GlobalSection(ExtensibilityGlobals) = postSolution
		SolutionGuid = {8E2E5B52-139E-47C6-8FDE-EA47C6EAE5BC}
	EndGlobalSection
EndGlobal
