
Microsoft Visual Studio Solution File, Format Version 12.00
# Visual Studio Version 16
VisualStudioVersion = 16.0.31005.135
MinimumVisualStudioVersion = 10.0.40219.1
Project("{FAE04EC0-301F-11D3-BF4B-00C04F79EFBC}") = "SinglaMedicos.Android", "SinglaMedicos\SinglaMedicos.Android\SinglaMedicos.Android.csproj", "{46733769-1C15-4259-9644-31BB1CA843FE}"
EndProject
Project("{FAE04EC0-301F-11D3-BF4B-00C04F79EFBC}") = "SinglaMedicos", "SinglaMedicos\SinglaMedicos\SinglaMedicos.csproj", "{39163B55-7FDF-46FF-9FA7-ADA9E2520C26}"
EndProject
Global
	GlobalSection(SolutionConfigurationPlatforms) = preSolution
		Debug|Any CPU = Debug|Any CPU
		Release|Any CPU = Release|Any CPU
	EndGlobalSection
	GlobalSection(ProjectConfigurationPlatforms) = postSolution
		{46733769-1C15-4259-9644-31BB1CA843FE}.Debug|Any CPU.ActiveCfg = Debug|Any CPU
		{46733769-1C15-4259-9644-31BB1CA843FE}.Debug|Any CPU.Build.0 = Debug|Any CPU
		{46733769-1C15-4259-9644-31BB1CA843FE}.Debug|Any CPU.Deploy.0 = Debug|Any CPU
		{46733769-1C15-4259-9644-31BB1CA843FE}.Release|Any CPU.ActiveCfg = Release|Any CPU
		{46733769-1C15-4259-9644-31BB1CA843FE}.Release|Any CPU.Build.0 = Release|Any CPU
		{46733769-1C15-4259-9644-31BB1CA843FE}.Release|Any CPU.Deploy.0 = Release|Any CPU
		{39163B55-7FDF-46FF-9FA7-ADA9E2520C26}.Debug|Any CPU.ActiveCfg = Debug|Any CPU
		{39163B55-7FDF-46FF-9FA7-ADA9E2520C26}.Debug|Any CPU.Build.0 = Debug|Any CPU
		{39163B55-7FDF-46FF-9FA7-ADA9E2520C26}.Debug|Any CPU.Deploy.0 = Debug|Any CPU
		{39163B55-7FDF-46FF-9FA7-ADA9E2520C26}.Release|Any CPU.ActiveCfg = Release|Any CPU
		{39163B55-7FDF-46FF-9FA7-ADA9E2520C26}.Release|Any CPU.Build.0 = Release|Any CPU
		{39163B55-7FDF-46FF-9FA7-ADA9E2520C26}.Release|Any CPU.Deploy.0 = Release|Any CPU
	EndGlobalSection
	GlobalSection(SolutionProperties) = preSolution
		HideSolutionNode = FALSE
	EndGlobalSection
	GlobalSection(ExtensibilityGlobals) = postSolution
		SolutionGuid = {C2B44881-468E-4DB5-A4A6-857E1EE7E902}
	EndGlobalSection
EndGlobal
