
Microsoft Visual Studio Solution File, Format Version 12.00
# Visual Studio Version 16
VisualStudioVersion = 16.0.31313.79
MinimumVisualStudioVersion = 10.0.40219.1
Project("{FAE04EC0-301F-11D3-BF4B-00C04F79EFBC}") = "PickingApi", "PickingApi\PickingApi.csproj", "{9710D803-A13A-44E5-A80F-2BEA1B4D556F}"
EndProject
Project("{FAE04EC0-301F-11D3-BF4B-00C04F79EFBC}") = "PickingDataAccess", "PickingDataAccess\PickingDataAccess.csproj", "{7249728A-22D5-4A3B-B705-5C4AD6151510}"
EndProject
Global
	GlobalSection(SolutionConfigurationPlatforms) = preSolution
		Debug|Any CPU = Debug|Any CPU
		Release|Any CPU = Release|Any CPU
	EndGlobalSection
	GlobalSection(ProjectConfigurationPlatforms) = postSolution
		{9710D803-A13A-44E5-A80F-2BEA1B4D556F}.Debug|Any CPU.ActiveCfg = Debug|Any CPU
		{9710D803-A13A-44E5-A80F-2BEA1B4D556F}.Debug|Any CPU.Build.0 = Debug|Any CPU
		{9710D803-A13A-44E5-A80F-2BEA1B4D556F}.Release|Any CPU.ActiveCfg = Release|Any CPU
		{9710D803-A13A-44E5-A80F-2BEA1B4D556F}.Release|Any CPU.Build.0 = Release|Any CPU
		{7249728A-22D5-4A3B-B705-5C4AD6151510}.Debug|Any CPU.ActiveCfg = Debug|Any CPU
		{7249728A-22D5-4A3B-B705-5C4AD6151510}.Debug|Any CPU.Build.0 = Debug|Any CPU
		{7249728A-22D5-4A3B-B705-5C4AD6151510}.Release|Any CPU.ActiveCfg = Release|Any CPU
		{7249728A-22D5-4A3B-B705-5C4AD6151510}.Release|Any CPU.Build.0 = Release|Any CPU
	EndGlobalSection
	GlobalSection(SolutionProperties) = preSolution
		HideSolutionNode = FALSE
	EndGlobalSection
	GlobalSection(ExtensibilityGlobals) = postSolution
		SolutionGuid = {2F0AA5E3-B635-4601-BC8C-1186DE4D7F4B}
	EndGlobalSection
EndGlobal
